// !$*UTF8*$!
{
	archiveVersion = 1;
	classes = {
	};
	objectVersion = 46;
	objects = {

/* Begin PBXBuildFile section */
		9A64552D1C7E0A5200B6DF1B /* FileCell.m in Sources */ = {isa = PBXBuildFile; fileRef = 9A64552C1C7E0A5200B6DF1B /* FileCell.m */; };
		9A833DE81C7C9B73001A4864 /* main.m in Sources */ = {isa = PBXBuildFile; fileRef = 9A833DE71C7C9B73001A4864 /* main.m */; };
		9A833DEB1C7C9B73001A4864 /* AppDelegate.m in Sources */ = {isa = PBXBuildFile; fileRef = 9A833DEA1C7C9B73001A4864 /* AppDelegate.m */; };
		9A833DF11C7C9B73001A4864 /* Main.storyboard in Resources */ = {isa = PBXBuildFile; fileRef = 9A833DEF1C7C9B73001A4864 /* Main.storyboard */; };
		9A833DF31C7C9B73001A4864 /* Assets.xcassets in Resources */ = {isa = PBXBuildFile; fileRef = 9A833DF21C7C9B73001A4864 /* Assets.xcassets */; };
		9A833DF61C7C9B73001A4864 /* LaunchScreen.storyboard in Resources */ = {isa = PBXBuildFile; fileRef = 9A833DF41C7C9B73001A4864 /* LaunchScreen.storyboard */; };
		9A833E011C7C9B73001A4864 /* File_ManagerWH33_34Tests.m in Sources */ = {isa = PBXBuildFile; fileRef = 9A833E001C7C9B73001A4864 /* File_ManagerWH33_34Tests.m */; };
		9A833E0C1C7C9B73001A4864 /* File_ManagerWH33_34UITests.m in Sources */ = {isa = PBXBuildFile; fileRef = 9A833E0B1C7C9B73001A4864 /* File_ManagerWH33_34UITests.m */; };
		9A833E1C1C7CAD2C001A4864 /* file.png in Resources */ = {isa = PBXBuildFile; fileRef = 9A833E1A1C7CAD2C001A4864 /* file.png */; };
		9A833E1D1C7CAD2C001A4864 /* folder.png in Resources */ = {isa = PBXBuildFile; fileRef = 9A833E1B1C7CAD2C001A4864 /* folder.png */; };
		9A833E211C7CADC6001A4864 /* DirectoryViewController.m in Sources */ = {isa = PBXBuildFile; fileRef = 9A833E201C7CADC6001A4864 /* DirectoryViewController.m */; };
/* End PBXBuildFile section */

/* Begin PBXContainerItemProxy section */
		9A833DFD1C7C9B73001A4864 /* PBXContainerItemProxy */ = {
			isa = PBXContainerItemProxy;
			containerPortal = 9A833DDB1C7C9B73001A4864 /* Project object */;
			proxyType = 1;
			remoteGlobalIDString = 9A833DE21C7C9B73001A4864;
			remoteInfo = "File ManagerWH33-34";
		};
		9A833E081C7C9B73001A4864 /* PBXContainerItemProxy */ = {
			isa = PBXContainerItemProxy;
			containerPortal = 9A833DDB1C7C9B73001A4864 /* Project object */;
			proxyType = 1;
			remoteGlobalIDString = 9A833DE21C7C9B73001A4864;
			remoteInfo = "File ManagerWH33-34";
		};
/* End PBXContainerItemProxy section */

/* Begin PBXFileReference section */
		9A64552B1C7E0A5200B6DF1B /* FileCell.h */ = {isa = PBXFileReference; fileEncoding = 4; lastKnownFileType = sourcecode.c.h; path = FileCell.h; sourceTree = "<group>"; };
		9A64552C1C7E0A5200B6DF1B /* FileCell.m */ = {isa = PBXFileReference; fileEncoding = 4; lastKnownFileType = sourcecode.c.objc; path = FileCell.m; sourceTree = "<group>"; };
		9A833DE31C7C9B73001A4864 /* File ManagerWH33-34.app */ = {isa = PBXFileReference; explicitFileType = wrapper.application; includeInIndex = 0; path = "File ManagerWH33-34.app"; sourceTree = BUILT_PRODUCTS_DIR; };
		9A833DE71C7C9B73001A4864 /* main.m */ = {isa = PBXFileReference; lastKnownFileType = sourcecode.c.objc; path = main.m; sourceTree = "<group>"; };
		9A833DE91C7C9B73001A4864 /* AppDelegate.h */ = {isa = PBXFileReference; lastKnownFileType = sourcecode.c.h; path = AppDelegate.h; sourceTree = "<group>"; };
		9A833DEA1C7C9B73001A4864 /* AppDelegate.m */ = {isa = PBXFileReference; lastKnownFileType = sourcecode.c.objc; path = AppDelegate.m; sourceTree = "<group>"; };
		9A833DF01C7C9B73001A4864 /* Base */ = {isa = PBXFileReference; lastKnownFileType = file.storyboard; name = Base; path = Base.lproj/Main.storyboard; sourceTree = "<group>"; };
		9A833DF21C7C9B73001A4864 /* Assets.xcassets */ = {isa = PBXFileReference; lastKnownFileType = folder.assetcatalog; path = Assets.xcassets; sourceTree = "<group>"; };
		9A833DF51C7C9B73001A4864 /* Base */ = {isa = PBXFileReference; lastKnownFileType = file.storyboard; name = Base; path = Base.lproj/LaunchScreen.storyboard; sourceTree = "<group>"; };
		9A833DF71C7C9B73001A4864 /* Info.plist */ = {isa = PBXFileReference; lastKnownFileType = text.plist.xml; path = Info.plist; sourceTree = "<group>"; };
		9A833DFC1C7C9B73001A4864 /* File ManagerWH33-34Tests.xctest */ = {isa = PBXFileReference; explicitFileType = wrapper.cfbundle; includeInIndex = 0; path = "File ManagerWH33-34Tests.xctest"; sourceTree = BUILT_PRODUCTS_DIR; };
		9A833E001C7C9B73001A4864 /* File_ManagerWH33_34Tests.m */ = {isa = PBXFileReference; lastKnownFileType = sourcecode.c.objc; path = File_ManagerWH33_34Tests.m; sourceTree = "<group>"; };
		9A833E021C7C9B73001A4864 /* Info.plist */ = {isa = PBXFileReference; lastKnownFileType = text.plist.xml; path = Info.plist; sourceTree = "<group>"; };
		9A833E071C7C9B73001A4864 /* File ManagerWH33-34UITests.xctest */ = {isa = PBXFileReference; explicitFileType = wrapper.cfbundle; includeInIndex = 0; path = "File ManagerWH33-34UITests.xctest"; sourceTree = BUILT_PRODUCTS_DIR; };
		9A833E0B1C7C9B73001A4864 /* File_ManagerWH33_34UITests.m */ = {isa = PBXFileReference; lastKnownFileType = sourcecode.c.objc; path = File_ManagerWH33_34UITests.m; sourceTree = "<group>"; };
		9A833E0D1C7C9B73001A4864 /* Info.plist */ = {isa = PBXFileReference; lastKnownFileType = text.plist.xml; path = Info.plist; sourceTree = "<group>"; };
		9A833E1A1C7CAD2C001A4864 /* file.png */ = {isa = PBXFileReference; lastKnownFileType = image.png; path = file.png; sourceTree = "<group>"; };
		9A833E1B1C7CAD2C001A4864 /* folder.png */ = {isa = PBXFileReference; lastKnownFileType = image.png; path = folder.png; sourceTree = "<group>"; };
		9A833E1F1C7CADC6001A4864 /* DirectoryViewController.h */ = {isa = PBXFileReference; fileEncoding = 4; lastKnownFileType = sourcecode.c.h; name = DirectoryViewController.h; path = ../DirectoryViewController.h; sourceTree = "<group>"; };
		9A833E201C7CADC6001A4864 /* DirectoryViewController.m */ = {isa = PBXFileReference; fileEncoding = 4; lastKnownFileType = sourcecode.c.objc; name = DirectoryViewController.m; path = ../DirectoryViewController.m; sourceTree = "<group>"; };
/* End PBXFileReference section */

/* Begin PBXFrameworksBuildPhase section */
		9A833DE01C7C9B73001A4864 /* Frameworks */ = {
			isa = PBXFrameworksBuildPhase;
			buildActionMask = 2147483647;
			files = (
			);
			runOnlyForDeploymentPostprocessing = 0;
		};
		9A833DF91C7C9B73001A4864 /* Frameworks */ = {
			isa = PBXFrameworksBuildPhase;
			buildActionMask = 2147483647;
			files = (
			);
			runOnlyForDeploymentPostprocessing = 0;
		};
		9A833E041C7C9B73001A4864 /* Frameworks */ = {
			isa = PBXFrameworksBuildPhase;
			buildActionMask = 2147483647;
			files = (
			);
			runOnlyForDeploymentPostprocessing = 0;
		};
/* End PBXFrameworksBuildPhase section */

/* Begin PBXGroup section */
		9A64552E1C7E0AC200B6DF1B /* Cell */ = {
			isa = PBXGroup;
			children = (
				9A64552B1C7E0A5200B6DF1B /* FileCell.h */,
				9A64552C1C7E0A5200B6DF1B /* FileCell.m */,
			);
			name = Cell;
			sourceTree = "<group>";
		};
		9A833DDA1C7C9B73001A4864 = {
			isa = PBXGroup;
			children = (
				9A833DE51C7C9B73001A4864 /* File ManagerWH33-34 */,
				9A833DFF1C7C9B73001A4864 /* File ManagerWH33-34Tests */,
				9A833E0A1C7C9B73001A4864 /* File ManagerWH33-34UITests */,
				9A833DE41C7C9B73001A4864 /* Products */,
			);
			sourceTree = "<group>";
		};
		9A833DE41C7C9B73001A4864 /* Products */ = {
			isa = PBXGroup;
			children = (
				9A833DE31C7C9B73001A4864 /* File ManagerWH33-34.app */,
				9A833DFC1C7C9B73001A4864 /* File ManagerWH33-34Tests.xctest */,
				9A833E071C7C9B73001A4864 /* File ManagerWH33-34UITests.xctest */,
			);
			name = Products;
			sourceTree = "<group>";
		};
		9A833DE51C7C9B73001A4864 /* File ManagerWH33-34 */ = {
			isa = PBXGroup;
			children = (
				9A833E1F1C7CADC6001A4864 /* DirectoryViewController.h */,
				9A833E201C7CADC6001A4864 /* DirectoryViewController.m */,
				9A833DE91C7C9B73001A4864 /* AppDelegate.h */,
				9A833DEA1C7C9B73001A4864 /* AppDelegate.m */,
				9A833DEF1C7C9B73001A4864 /* Main.storyboard */,
				9A64552E1C7E0AC200B6DF1B /* Cell */,
				9A833DF21C7C9B73001A4864 /* Assets.xcassets */,
				9A833DF41C7C9B73001A4864 /* LaunchScreen.storyboard */,
				9A833DF71C7C9B73001A4864 /* Info.plist */,
				9A833E191C7CAD2C001A4864 /* Images */,
				9A833DE61C7C9B73001A4864 /* Supporting Files */,
			);
			path = "File ManagerWH33-34";
			sourceTree = "<group>";
		};
		9A833DE61C7C9B73001A4864 /* Supporting Files */ = {
			isa = PBXGroup;
			children = (
				9A833DE71C7C9B73001A4864 /* main.m */,
			);
			name = "Supporting Files";
			sourceTree = "<group>";
		};
		9A833DFF1C7C9B73001A4864 /* File ManagerWH33-34Tests */ = {
			isa = PBXGroup;
			children = (
				9A833E001C7C9B73001A4864 /* File_ManagerWH33_34Tests.m */,
				9A833E021C7C9B73001A4864 /* Info.plist */,
			);
			path = "File ManagerWH33-34Tests";
			sourceTree = "<group>";
		};
		9A833E0A1C7C9B73001A4864 /* File ManagerWH33-34UITests */ = {
			isa = PBXGroup;
			children = (
				9A833E0B1C7C9B73001A4864 /* File_ManagerWH33_34UITests.m */,
				9A833E0D1C7C9B73001A4864 /* Info.plist */,
			);
			path = "File ManagerWH33-34UITests";
			sourceTree = "<group>";
		};
		9A833E191C7CAD2C001A4864 /* Images */ = {
			isa = PBXGroup;
			children = (
				9A833E1A1C7CAD2C001A4864 /* file.png */,
				9A833E1B1C7CAD2C001A4864 /* folder.png */,
			);
			path = Images;
			sourceTree = "<group>";
		};
/* End PBXGroup section */

/* Begin PBXNativeTarget section */
		9A833DE21C7C9B73001A4864 /* File ManagerWH33-34 */ = {
			isa = PBXNativeTarget;
			buildConfigurationList = 9A833E101C7C9B73001A4864 /* Build configuration list for PBXNativeTarget "File ManagerWH33-34" */;
			buildPhases = (
				9A833DDF1C7C9B73001A4864 /* Sources */,
				9A833DE01C7C9B73001A4864 /* Frameworks */,
				9A833DE11C7C9B73001A4864 /* Resources */,
			);
			buildRules = (
			);
			dependencies = (
			);
			name = "File ManagerWH33-34";
			productName = "File ManagerWH33-34";
			productReference = 9A833DE31C7C9B73001A4864 /* File ManagerWH33-34.app */;
			productType = "com.apple.product-type.application";
		};
		9A833DFB1C7C9B73001A4864 /* File ManagerWH33-34Tests */ = {
			isa = PBXNativeTarget;
			buildConfigurationList = 9A833E131C7C9B73001A4864 /* Build configuration list for PBXNativeTarget "File ManagerWH33-34Tests" */;
			buildPhases = (
				9A833DF81C7C9B73001A4864 /* Sources */,
				9A833DF91C7C9B73001A4864 /* Frameworks */,
				9A833DFA1C7C9B73001A4864 /* Resources */,
			);
			buildRules = (
			);
			dependencies = (
				9A833DFE1C7C9B73001A4864 /* PBXTargetDependency */,
			);
			name = "File ManagerWH33-34Tests";
			productName = "File ManagerWH33-34Tests";
			productReference = 9A833DFC1C7C9B73001A4864 /* File ManagerWH33-34Tests.xctest */;
			productType = "com.apple.product-type.bundle.unit-test";
		};
		9A833E061C7C9B73001A4864 /* File ManagerWH33-34UITests */ = {
			isa = PBXNativeTarget;
			buildConfigurationList = 9A833E161C7C9B73001A4864 /* Build configuration list for PBXNativeTarget "File ManagerWH33-34UITests" */;
			buildPhases = (
				9A833E031C7C9B73001A4864 /* Sources */,
				9A833E041C7C9B73001A4864 /* Frameworks */,
				9A833E051C7C9B73001A4864 /* Resources */,
			);
			buildRules = (
			);
			dependencies = (
				9A833E091C7C9B73001A4864 /* PBXTargetDependency */,
			);
			name = "File ManagerWH33-34UITests";
			productName = "File ManagerWH33-34UITests";
			productReference = 9A833E071C7C9B73001A4864 /* File ManagerWH33-34UITests.xctest */;
			productType = "com.apple.product-type.bundle.ui-testing";
		};
/* End PBXNativeTarget section */

/* Begin PBXProject section */
		9A833DDB1C7C9B73001A4864 /* Project object */ = {
			isa = PBXProject;
			attributes = {
				LastUpgradeCheck = 0720;
				ORGANIZATIONNAME = "Nikolay Berlioz";
				TargetAttributes = {
					9A833DE21C7C9B73001A4864 = {
						CreatedOnToolsVersion = 7.2.1;
						DevelopmentTeam = E7L87RAYPT;
					};
					9A833DFB1C7C9B73001A4864 = {
						CreatedOnToolsVersion = 7.2.1;
						DevelopmentTeam = E7L87RAYPT;
						TestTargetID = 9A833DE21C7C9B73001A4864;
					};
					9A833E061C7C9B73001A4864 = {
						CreatedOnToolsVersion = 7.2.1;
						DevelopmentTeam = E7L87RAYPT;
						TestTargetID = 9A833DE21C7C9B73001A4864;
					};
				};
			};
			buildConfigurationList = 9A833DDE1C7C9B73001A4864 /* Build configuration list for PBXProject "File ManagerWH33-34" */;
			compatibilityVersion = "Xcode 3.2";
			developmentRegion = English;
			hasScannedForEncodings = 0;
			knownRegions = (
				en,
				Base,
			);
			mainGroup = 9A833DDA1C7C9B73001A4864;
			productRefGroup = 9A833DE41C7C9B73001A4864 /* Products */;
			projectDirPath = "";
			projectRoot = "";
			targets = (
				9A833DE21C7C9B73001A4864 /* File ManagerWH33-34 */,
				9A833DFB1C7C9B73001A4864 /* File ManagerWH33-34Tests */,
				9A833E061C7C9B73001A4864 /* File ManagerWH33-34UITests */,
			);
		};
/* End PBXProject section */

/* Begin PBXResourcesBuildPhase section */
		9A833DE11C7C9B73001A4864 /* Resources */ = {
			isa = PBXResourcesBuildPhase;
			buildActionMask = 2147483647;
			files = (
				9A833DF61C7C9B73001A4864 /* LaunchScreen.storyboard in Resources */,
				9A833DF31C7C9B73001A4864 /* Assets.xcassets in Resources */,
				9A833DF11C7C9B73001A4864 /* Main.storyboard in Resources */,
				9A833E1C1C7CAD2C001A4864 /* file.png in Resources */,
				9A833E1D1C7CAD2C001A4864 /* folder.png in Resources */,
			);
			runOnlyForDeploymentPostprocessing = 0;
		};
		9A833DFA1C7C9B73001A4864 /* Resources */ = {
			isa = PBXResourcesBuildPhase;
			buildActionMask = 2147483647;
			files = (
			);
			runOnlyForDeploymentPostprocessing = 0;
		};
		9A833E051C7C9B73001A4864 /* Resources */ = {
			isa = PBXResourcesBuildPhase;
			buildActionMask = 2147483647;
			files = (
			);
			runOnlyForDeploymentPostprocessing = 0;
		};
/* End PBXResourcesBuildPhase section */

/* Begin PBXSourcesBuildPhase section */
		9A833DDF1C7C9B73001A4864 /* Sources */ = {
			isa = PBXSourcesBuildPhase;
			buildActionMask = 2147483647;
			files = (
				9A833DEB1C7C9B73001A4864 /* AppDelegate.m in Sources */,
				9A64552D1C7E0A5200B6DF1B /* FileCell.m in Sources */,
				9A833DE81C7C9B73001A4864 /* main.m in Sources */,
				9A833E211C7CADC6001A4864 /* DirectoryViewController.m in Sources */,
			);
			runOnlyForDeploymentPostprocessing = 0;
		};
		9A833DF81C7C9B73001A4864 /* Sources */ = {
			isa = PBXSourcesBuildPhase;
			buildActionMask = 2147483647;
			files = (
				9A833E011C7C9B73001A4864 /* File_ManagerWH33_34Tests.m in Sources */,
			);
			runOnlyForDeploymentPostprocessing = 0;
		};
		9A833E031C7C9B73001A4864 /* Sources */ = {
			isa = PBXSourcesBuildPhase;
			buildActionMask = 2147483647;
			files = (
				9A833E0C1C7C9B73001A4864 /* File_ManagerWH33_34UITests.m in Sources */,
			);
			runOnlyForDeploymentPostprocessing = 0;
		};
/* End PBXSourcesBuildPhase section */

/* Begin PBXTargetDependency section */
		9A833DFE1C7C9B73001A4864 /* PBXTargetDependency */ = {
			isa = PBXTargetDependency;
			target = 9A833DE21C7C9B73001A4864 /* File ManagerWH33-34 */;
			targetProxy = 9A833DFD1C7C9B73001A4864 /* PBXContainerItemProxy */;
		};
		9A833E091C7C9B73001A4864 /* PBXTargetDependency */ = {
			isa = PBXTargetDependency;
			target = 9A833DE21C7C9B73001A4864 /* File ManagerWH33-34 */;
			targetProxy = 9A833E081C7C9B73001A4864 /* PBXContainerItemProxy */;
		};
/* End PBXTargetDependency section */

/* Begin PBXVariantGroup section */
		9A833DEF1C7C9B73001A4864 /* Main.storyboard */ = {
			isa = PBXVariantGroup;
			children = (
				9A833DF01C7C9B73001A4864 /* Base */,
			);
			name = Main.storyboard;
			sourceTree = "<group>";
		};
		9A833DF41C7C9B73001A4864 /* LaunchScreen.storyboard */ = {
			isa = PBXVariantGroup;
			children = (
				9A833DF51C7C9B73001A4864 /* Base */,
			);
			name = LaunchScreen.storyboard;
			sourceTree = "<group>";
		};
/* End PBXVariantGroup section */

/* Begin XCBuildConfiguration section */
		9A833E0E1C7C9B73001A4864 /* Debug */ = {
			isa = XCBuildConfiguration;
			buildSettings = {
				ALWAYS_SEARCH_USER_PATHS = NO;
				CLANG_CXX_LANGUAGE_STANDARD = "gnu++0x";
				CLANG_CXX_LIBRARY = "libc++";
				CLANG_ENABLE_MODULES = YES;
				CLANG_ENABLE_OBJC_ARC = YES;
				CLANG_WARN_BOOL_CONVERSION = YES;
				CLANG_WARN_CONSTANT_CONVERSION = YES;
				CLANG_WARN_DIRECT_OBJC_ISA_USAGE = YES_ERROR;
				CLANG_WARN_EMPTY_BODY = YES;
				CLANG_WARN_ENUM_CONVERSION = YES;
				CLANG_WARN_INT_CONVERSION = YES;
				CLANG_WARN_OBJC_ROOT_CLASS = YES_ERROR;
				CLANG_WARN_UNREACHABLE_CODE = YES;
				CLANG_WARN__DUPLICATE_METHOD_MATCH = YES;
				"CODE_SIGN_IDENTITY[sdk=iphoneos*]" = "iPhone Developer";
				COPY_PHASE_STRIP = NO;
				DEBUG_INFORMATION_FORMAT = dwarf;
				ENABLE_STRICT_OBJC_MSGSEND = YES;
				ENABLE_TESTABILITY = YES;
				GCC_C_LANGUAGE_STANDARD = gnu99;
				GCC_DYNAMIC_NO_PIC = NO;
				GCC_NO_COMMON_BLOCKS = YES;
				GCC_OPTIMIZATION_LEVEL = 0;
				GCC_PREPROCESSOR_DEFINITIONS = (
					"DEBUG=1",
					"$(inherited)",
				);
				GCC_WARN_64_TO_32_BIT_CONVERSION = YES;
				GCC_WARN_ABOUT_RETURN_TYPE = YES_ERROR;
				GCC_WARN_UNDECLARED_SELECTOR = YES;
				GCC_WARN_UNINITIALIZED_AUTOS = YES_AGGRESSIVE;
				GCC_WARN_UNUSED_FUNCTION = YES;
				GCC_WARN_UNUSED_VARIABLE = YES;
				IPHONEOS_DEPLOYMENT_TARGET = 9.2;
				MTL_ENABLE_DEBUG_INFO = YES;
				ONLY_ACTIVE_ARCH = YES;
				SDKROOT = iphoneos;
			};
			name = Debug;
		};
		9A833E0F1C7C9B73001A4864 /* Release */ = {
			isa = XCBuildConfiguration;
			buildSettings = {
				ALWAYS_SEARCH_USER_PATHS = NO;
				CLANG_CXX_LANGUAGE_STANDARD = "gnu++0x";
				CLANG_CXX_LIBRARY = "libc++";
				CLANG_ENABLE_MODULES = YES;
				CLANG_ENABLE_OBJC_ARC = YES;
				CLANG_WARN_BOOL_CONVERSION = YES;
				CLANG_WARN_CONSTANT_CONVERSION = YES;
				CLANG_WARN_DIRECT_OBJC_ISA_USAGE = YES_ERROR;
				CLANG_WARN_EMPTY_BODY = YES;
				CLANG_WARN_ENUM_CONVERSION = YES;
				CLANG_WARN_INT_CONVERSION = YES;
				CLANG_WARN_OBJC_ROOT_CLASS = YES_ERROR;
				CLANG_WARN_UNREACHABLE_CODE = YES;
				CLANG_WARN__DUPLICATE_METHOD_MATCH = YES;
				"CODE_SIGN_IDENTITY[sdk=iphoneos*]" = "iPhone Developer";
				COPY_PHASE_STRIP = NO;
				DEBUG_INFORMATION_FORMAT = "dwarf-with-dsym";
				ENABLE_NS_ASSERTIONS = NO;
				ENABLE_STRICT_OBJC_MSGSEND = YES;
				GCC_C_LANGUAGE_STANDARD = gnu99;
				GCC_NO_COMMON_BLOCKS = YES;
				GCC_WARN_64_TO_32_BIT_CONVERSION = YES;
				GCC_WARN_ABOUT_RETURN_TYPE = YES_ERROR;
				GCC_WARN_UNDECLARED_SELECTOR = YES;
				GCC_WARN_UNINITIALIZED_AUTOS = YES_AGGRESSIVE;
				GCC_WARN_UNUSED_FUNCTION = YES;
				GCC_WARN_UNUSED_VARIABLE = YES;
				IPHONEOS_DEPLOYMENT_TARGET = 9.2;
				MTL_ENABLE_DEBUG_INFO = NO;
				SDKROOT = iphoneos;
				VALIDATE_PRODUCT = YES;
			};
			name = Release;
		};
		9A833E111C7C9B73001A4864 /* Debug */ = {
			isa = XCBuildConfiguration;
			buildSettings = {
				ASSETCATALOG_COMPILER_APPICON_NAME = AppIcon;
				INFOPLIST_FILE = "File ManagerWH33-34/Info.plist";
				LD_RUNPATH_SEARCH_PATHS = "$(inherited) @executable_path/Frameworks";
				PRODUCT_BUNDLE_IDENTIFIER = "Devil-Academy.File-ManagerWH33-34";
				PRODUCT_NAME = "$(TARGET_NAME)";
			};
			name = Debug;
		};
		9A833E121C7C9B73001A4864 /* Release */ = {
			isa = XCBuildConfiguration;
			buildSettings = {
				ASSETCATALOG_COMPILER_APPICON_NAME = AppIcon;
				INFOPLIST_FILE = "File ManagerWH33-34/Info.plist";
				LD_RUNPATH_SEARCH_PATHS = "$(inherited) @executable_path/Frameworks";
				PRODUCT_BUNDLE_IDENTIFIER = "Devil-Academy.File-ManagerWH33-34";
				PRODUCT_NAME = "$(TARGET_NAME)";
			};
			name = Release;
		};
		9A833E141C7C9B73001A4864 /* Debug */ = {
			isa = XCBuildConfiguration;
			buildSettings = {
				BUNDLE_LOADER = "$(TEST_HOST)";
				INFOPLIST_FILE = "File ManagerWH33-34Tests/Info.plist";
				LD_RUNPATH_SEARCH_PATHS = "$(inherited) @executable_path/Frameworks @loader_path/Frameworks";
				PRODUCT_BUNDLE_IDENTIFIER = "Devil-Academy.File-ManagerWH33-34Tests";
				PRODUCT_NAME = "$(TARGET_NAME)";
				TEST_HOST = "$(BUILT_PRODUCTS_DIR)/File ManagerWH33-34.app/File ManagerWH33-34";
			};
			name = Debug;
		};
		9A833E151C7C9B73001A4864 /* Release */ = {
			isa = XCBuildConfiguration;
			buildSettings = {
				BUNDLE_LOADER = "$(TEST_HOST)";
				INFOPLIST_FILE = "File ManagerWH33-34Tests/Info.plist";
				LD_RUNPATH_SEARCH_PATHS = "$(inherited) @executable_path/Frameworks @loader_path/Frameworks";
				PRODUCT_BUNDLE_IDENTIFIER = "Devil-Academy.File-ManagerWH33-34Tests";
				PRODUCT_NAME = "$(TARGET_NAME)";
				TEST_HOST = "$(BUILT_PRODUCTS_DIR)/File ManagerWH33-34.app/File ManagerWH33-34";
			};
			name = Release;
		};
		9A833E171C7C9B73001A4864 /* Debug */ = {
			isa = XCBuildConfiguration;
			buildSettings = {
				INFOPLIST_FILE = "File ManagerWH33-34UITests/Info.plist";
				LD_RUNPATH_SEARCH_PATHS = "$(inherited) @executable_path/Frameworks @loader_path/Frameworks";
				PRODUCT_BUNDLE_IDENTIFIER = "Devil-Academy.File-ManagerWH33-34UITests";
				PRODUCT_NAME = "$(TARGET_NAME)";
				TEST_TARGET_NAME = "File ManagerWH33-34";
				USES_XCTRUNNER = YES;
			};
			name = Debug;
		};
		9A833E181C7C9B73001A4864 /* Release */ = {
			isa = XCBuildConfiguration;
			buildSettings = {
				INFOPLIST_FILE = "File ManagerWH33-34UITests/Info.plist";
				LD_RUNPATH_SEARCH_PATHS = "$(inherited) @executable_path/Frameworks @loader_path/Frameworks";
				PRODUCT_BUNDLE_IDENTIFIER = "Devil-Academy.File-ManagerWH33-34UITests";
				PRODUCT_NAME = "$(TARGET_NAME)";
				TEST_TARGET_NAME = "File ManagerWH33-34";
				USES_XCTRUNNER = YES;
			};
			name = Release;
		};
/* End XCBuildConfiguration section */

/* Begin XCConfigurationList section */
		9A833DDE1C7C9B73001A4864 /* Build configuration list for PBXProject "File ManagerWH33-34" */ = {
			isa = XCConfigurationList;
			buildConfigurations = (
				9A833E0E1C7C9B73001A4864 /* Debug */,
				9A833E0F1C7C9B73001A4864 /* Release */,
			);
			defaultConfigurationIsVisible = 0;
			defaultConfigurationName = Release;
		};
		9A833E101C7C9B73001A4864 /* Build configuration list for PBXNativeTarget "File ManagerWH33-34" */ = {
			isa = XCConfigurationList;
			buildConfigurations = (
				9A833E111C7C9B73001A4864 /* Debug */,
				9A833E121C7C9B73001A4864 /* Release */,
			);
			defaultConfigurationIsVisible = 0;
			defaultConfigurationName = Release;
		};
		9A833E131C7C9B73001A4864 /* Build configuration list for PBXNativeTarget "File ManagerWH33-34Tests" */ = {
			isa = XCConfigurationList;
			buildConfigurations = (
				9A833E141C7C9B73001A4864 /* Debug */,
				9A833E151C7C9B73001A4864 /* Release */,
			);
			defaultConfigurationIsVisible = 0;
			defaultConfigurationName = Release;
		};
		9A833E161C7C9B73001A4864 /* Build configuration list for PBXNativeTarget "File ManagerWH33-34UITests" */ = {
			isa = XCConfigurationList;
			buildConfigurations = (
				9A833E171C7C9B73001A4864 /* Debug */,
				9A833E181C7C9B73001A4864 /* Release */,
			);
			defaultConfigurationIsVisible = 0;
			defaultConfigurationName = Release;
		};
/* End XCConfigurationList section */
	};
	rootObject = 9A833DDB1C7C9B73001A4864 /* Project object */;
}
